// !$*UTF8*$!
{
	archiveVersion = 1;
	classes = {
	};
	objectVersion = 55;
	objects = {

/* Begin PBXBuildFile section */
		DD0DDF7D29525E570024B7EA /* MagicCatalogApp.swift in Sources */ = {isa = PBXBuildFile; fileRef = DD0DDF7C29525E570024B7EA /* MagicCatalogApp.swift */; };
		DD0DDF8129525E570024B7EA /* Assets.xcassets in Resources */ = {isa = PBXBuildFile; fileRef = DD0DDF8029525E570024B7EA /* Assets.xcassets */; };
		DD0DDF8429525E570024B7EA /* Preview Assets.xcassets in Resources */ = {isa = PBXBuildFile; fileRef = DD0DDF8329525E570024B7EA /* Preview Assets.xcassets */; };
		DD0DDF8E29525E580024B7EA /* MagicCatalogTests.swift in Sources */ = {isa = PBXBuildFile; fileRef = DD0DDF8D29525E580024B7EA /* MagicCatalogTests.swift */; };
		DD0DDF9829525E580024B7EA /* MagicCatalogUITests.swift in Sources */ = {isa = PBXBuildFile; fileRef = DD0DDF9729525E580024B7EA /* MagicCatalogUITests.swift */; };
		DD0DDF9A29525E580024B7EA /* MagicCatalogUITestsLaunchTests.swift in Sources */ = {isa = PBXBuildFile; fileRef = DD0DDF9929525E580024B7EA /* MagicCatalogUITestsLaunchTests.swift */; };
		DD0DDFA729525E8B0024B7EA /* CardSideView.swift in Sources */ = {isa = PBXBuildFile; fileRef = DD0DDFA629525E8B0024B7EA /* CardSideView.swift */; };
		DD0DDFAD295270340024B7EA /* Swiftfall.swift in Sources */ = {isa = PBXBuildFile; fileRef = DD0DDFAC295270340024B7EA /* Swiftfall.swift */; };
		DD0DDFB4295305900024B7EA /* CardReviewScreenViewModel.swift in Sources */ = {isa = PBXBuildFile; fileRef = DD0DDFB3295305900024B7EA /* CardReviewScreenViewModel.swift */; };
		DD0DDFB829530EF20024B7EA /* ImageDownloaderManager.swift in Sources */ = {isa = PBXBuildFile; fileRef = DD0DDFB729530EF20024B7EA /* ImageDownloaderManager.swift */; };
		DD0DDFBB295317410024B7EA /* InteractiveCardView.swift in Sources */ = {isa = PBXBuildFile; fileRef = DD0DDFBA295317410024B7EA /* InteractiveCardView.swift */; };
		DD0DDFBE29531FE00024B7EA /* View+CornerRadius.swift in Sources */ = {isa = PBXBuildFile; fileRef = DD0DDFBD29531FE00024B7EA /* View+CornerRadius.swift */; };
		DD0DDFC02953201E0024B7EA /* RoundedCornerShape.swift in Sources */ = {isa = PBXBuildFile; fileRef = DD0DDFBF2953201E0024B7EA /* RoundedCornerShape.swift */; };
		DD0DDFC229532DB70024B7EA /* CardReviewScreenView.swift in Sources */ = {isa = PBXBuildFile; fileRef = DD0DDFC129532DB70024B7EA /* CardReviewScreenView.swift */; };
		DD0DDFC429532E000024B7EA /* CardReviewScreenTextBlockView.swift in Sources */ = {isa = PBXBuildFile; fileRef = DD0DDFC329532E000024B7EA /* CardReviewScreenTextBlockView.swift */; };
		DD0DDFCB295344CC0024B7EA /* Beleren2016-Bold.ttf in Resources */ = {isa = PBXBuildFile; fileRef = DD0DDFC8295344CC0024B7EA /* Beleren2016-Bold.ttf */; };
		DD0DDFCC295344CC0024B7EA /* Beleren2016SmallCaps-Bold.ttf in Resources */ = {isa = PBXBuildFile; fileRef = DD0DDFC9295344CC0024B7EA /* Beleren2016SmallCaps-Bold.ttf */; };
		DD0DDFCD295344CC0024B7EA /* Beleren2016SmallCaps-BoldItalic.ttf in Resources */ = {isa = PBXBuildFile; fileRef = DD0DDFCA295344CC0024B7EA /* Beleren2016SmallCaps-BoldItalic.ttf */; };
		DD0DDFD4295347F80024B7EA /* MTGFontName.swift in Sources */ = {isa = PBXBuildFile; fileRef = DD0DDFD3295347F80024B7EA /* MTGFontName.swift */; };
		DD0DDFDA29535BFB0024B7EA /* Coordinator.swift in Sources */ = {isa = PBXBuildFile; fileRef = DD0DDFD929535BFB0024B7EA /* Coordinator.swift */; };
		DD0DDFDC29535DB70024B7EA /* AppCoordinator.swift in Sources */ = {isa = PBXBuildFile; fileRef = DD0DDFDB29535DB70024B7EA /* AppCoordinator.swift */; };
		DD0DDFE5295362C40024B7EA /* AppCoordinatorView.swift in Sources */ = {isa = PBXBuildFile; fileRef = DD0DDFE4295362C40024B7EA /* AppCoordinatorView.swift */; };
		DD0DDFE7295364750024B7EA /* LazyNavigationLink.swift in Sources */ = {isa = PBXBuildFile; fileRef = DD0DDFE6295364750024B7EA /* LazyNavigationLink.swift */; };
		DD0DDFE9295365D40024B7EA /* LazyLoadView.swift in Sources */ = {isa = PBXBuildFile; fileRef = DD0DDFE8295365D40024B7EA /* LazyLoadView.swift */; };
		DD0DDFEC295367470024B7EA /* Mplantin.ttf in Resources */ = {isa = PBXBuildFile; fileRef = DD0DDFEB295367470024B7EA /* Mplantin.ttf */; };
		DD0DDFEF2953675F0024B7EA /* Matrix-Bold.ttf in Resources */ = {isa = PBXBuildFile; fileRef = DD0DDFEE2953675F0024B7EA /* Matrix-Bold.ttf */; };
		DD0DDFF22953677B0024B7EA /* magic-font.ttf in Resources */ = {isa = PBXBuildFile; fileRef = DD0DDFF12953677B0024B7EA /* magic-font.ttf */; };
		DD0DDFF42953682A0024B7EA /* FontSize.swift in Sources */ = {isa = PBXBuildFile; fileRef = DD0DDFF32953682A0024B7EA /* FontSize.swift */; };
		DD0DDFF92953B9F50024B7EA /* MainScreenView.swift in Sources */ = {isa = PBXBuildFile; fileRef = DD0DDFF82953B9F50024B7EA /* MainScreenView.swift */; };
		DD0DDFFB2953BA440024B7EA /* MainScreenViewModel.swift in Sources */ = {isa = PBXBuildFile; fileRef = DD0DDFFA2953BA440024B7EA /* MainScreenViewModel.swift */; };
		DD0DDFFE2953BC960024B7EA /* MainScreenCoordinator.swift in Sources */ = {isa = PBXBuildFile; fileRef = DD0DDFFD2953BC960024B7EA /* MainScreenCoordinator.swift */; };
		DD0DE0012953BCC40024B7EA /* CardReviewScreenCoordinator.swift in Sources */ = {isa = PBXBuildFile; fileRef = DD0DE0002953BCC40024B7EA /* CardReviewScreenCoordinator.swift */; };
		DD0DE0032953BDFF0024B7EA /* CardReviewScreenCoordinatorView.swift in Sources */ = {isa = PBXBuildFile; fileRef = DD0DE0022953BDFF0024B7EA /* CardReviewScreenCoordinatorView.swift */; };
		DD0DE0052953BEB50024B7EA /* MainScreenCoordinatorView.swift in Sources */ = {isa = PBXBuildFile; fileRef = DD0DE0042953BEB50024B7EA /* MainScreenCoordinatorView.swift */; };
		DD0DE0072954991B0024B7EA /* UIColor+extension.swift in Sources */ = {isa = PBXBuildFile; fileRef = DD0DE0062954991B0024B7EA /* UIColor+extension.swift */; };
		DD0DE0092954BA6A0024B7EA /* MainScreenButton.swift in Sources */ = {isa = PBXBuildFile; fileRef = DD0DE0082954BA6A0024B7EA /* MainScreenButton.swift */; };
		DD0DE00C2954E5240024B7EA /* Placeholder.swift in Sources */ = {isa = PBXBuildFile; fileRef = DD0DE00B2954E5240024B7EA /* Placeholder.swift */; };
		DD34A67E2955B1B70007AE93 /* LaunchScreen.storyboard in Resources */ = {isa = PBXBuildFile; fileRef = DD34A67D2955B1B70007AE93 /* LaunchScreen.storyboard */; };
		DD360D252957324500DDA30F /* QGrid in Frameworks */ = {isa = PBXBuildFile; productRef = DD360D242957324500DDA30F /* QGrid */; };
		DD360D492957326E00DDA30F /* SwiftFallResult.swift in Sources */ = {isa = PBXBuildFile; fileRef = DD360D272957326E00DDA30F /* SwiftFallResult.swift */; };
		DD360D4A2957326E00DDA30F /* SwiftfallNetworkService.swift in Sources */ = {isa = PBXBuildFile; fileRef = DD360D292957326E00DDA30F /* SwiftfallNetworkService.swift */; };
		DD360D4B2957326E00DDA30F /* NetworkService+SwiftFallCoreNetworkServiceProtocol.swift in Sources */ = {isa = PBXBuildFile; fileRef = DD360D2A2957326E00DDA30F /* NetworkService+SwiftFallCoreNetworkServiceProtocol.swift */; };
		DD360D4C2957326E00DDA30F /* SwiftfallError.swift in Sources */ = {isa = PBXBuildFile; fileRef = DD360D2B2957326E00DDA30F /* SwiftfallError.swift */; };
		DD360D4D2957326E00DDA30F /* SwiftFallConstants.swift in Sources */ = {isa = PBXBuildFile; fileRef = DD360D2D2957326E00DDA30F /* SwiftFallConstants.swift */; };
		DD360D4E2957326E00DDA30F /* SwiftfallCardListService.swift in Sources */ = {isa = PBXBuildFile; fileRef = DD360D302957326E00DDA30F /* SwiftfallCardListService.swift */; };
		DD360D4F2957326E00DDA30F /* RulingList.swift in Sources */ = {isa = PBXBuildFile; fileRef = DD360D332957326E00DDA30F /* RulingList.swift */; };
		DD360D502957326E00DDA30F /* Ruling.swift in Sources */ = {isa = PBXBuildFile; fileRef = DD360D342957326E00DDA30F /* Ruling.swift */; };
		DD360D512957326E00DDA30F /* SetList.swift in Sources */ = {isa = PBXBuildFile; fileRef = DD360D352957326E00DDA30F /* SetList.swift */; };
		DD360D522957326E00DDA30F /* SymbolList.swift in Sources */ = {isa = PBXBuildFile; fileRef = DD360D372957326E00DDA30F /* SymbolList.swift */; };
		DD360D532957326E00DDA30F /* Symbol.swift in Sources */ = {isa = PBXBuildFile; fileRef = DD360D382957326E00DDA30F /* Symbol.swift */; };
		DD360D542957326E00DDA30F /* ScryFallSet.swift in Sources */ = {isa = PBXBuildFile; fileRef = DD360D3B2957326E00DDA30F /* ScryFallSet.swift */; };
		DD360D552957326E00DDA30F /* SwiftfallCardSetService.swift in Sources */ = {isa = PBXBuildFile; fileRef = DD360D3C2957326E00DDA30F /* SwiftfallCardSetService.swift */; };
		DD360D562957326E00DDA30F /* SwiftfallCardService.swift in Sources */ = {isa = PBXBuildFile; fileRef = DD360D3E2957326E00DDA30F /* SwiftfallCardService.swift */; };
		DD360D572957326E00DDA30F /* RelatedCard.swift in Sources */ = {isa = PBXBuildFile; fileRef = DD360D402957326E00DDA30F /* RelatedCard.swift */; };
		DD360D582957326E00DDA30F /* CardFace.swift in Sources */ = {isa = PBXBuildFile; fileRef = DD360D412957326E00DDA30F /* CardFace.swift */; };
		DD360D592957326E00DDA30F /* CardPrice.swift in Sources */ = {isa = PBXBuildFile; fileRef = DD360D422957326E00DDA30F /* CardPrice.swift */; };
		DD360D5A2957326E00DDA30F /* Card.swift in Sources */ = {isa = PBXBuildFile; fileRef = DD360D432957326E00DDA30F /* Card.swift */; };
		DD360D5B2957326E00DDA30F /* CardList.swift in Sources */ = {isa = PBXBuildFile; fileRef = DD360D442957326E00DDA30F /* CardList.swift */; };
		DD360D5C2957326E00DDA30F /* SwiftfallCatalogService.swift in Sources */ = {isa = PBXBuildFile; fileRef = DD360D462957326E00DDA30F /* SwiftfallCatalogService.swift */; };
		DD360D5D2957326E00DDA30F /* Catalog.swift in Sources */ = {isa = PBXBuildFile; fileRef = DD360D482957326E00DDA30F /* Catalog.swift */; };
		DD360D64295732F000DDA30F /* ReachabilityService.swift in Sources */ = {isa = PBXBuildFile; fileRef = DD360D5F295732F000DDA30F /* ReachabilityService.swift */; };
		DD360D65295732F000DDA30F /* NetworkServiceError.swift in Sources */ = {isa = PBXBuildFile; fileRef = DD360D61295732F000DDA30F /* NetworkServiceError.swift */; };
		DD360D66295732F000DDA30F /* NetworkService.swift in Sources */ = {isa = PBXBuildFile; fileRef = DD360D62295732F000DDA30F /* NetworkService.swift */; };
		DD360D67295732F000DDA30F /* NetworkParams.swift in Sources */ = {isa = PBXBuildFile; fileRef = DD360D63295732F000DDA30F /* NetworkParams.swift */; };
		DD360D6B2957547100DDA30F /* MainScreenCardSearchManager.swift in Sources */ = {isa = PBXBuildFile; fileRef = DD360D6A2957547100DDA30F /* MainScreenCardSearchManager.swift */; };
		DD360D6E295757F600DDA30F /* CardReviewScreenSearchManager.swift in Sources */ = {isa = PBXBuildFile; fileRef = DD360D6D295757F600DDA30F /* CardReviewScreenSearchManager.swift */; };
		DD360D7529575C0800DDA30F /* ScrollViewOffset.swift in Sources */ = {isa = PBXBuildFile; fileRef = DD360D7429575C0800DDA30F /* ScrollViewOffset.swift */; };
		DD360D7729575C8700DDA30F /* CardReviewScreenCardModel.swift in Sources */ = {isa = PBXBuildFile; fileRef = DD360D7629575C8700DDA30F /* CardReviewScreenCardModel.swift */; };
/* End PBXBuildFile section */

/* Begin PBXContainerItemProxy section */
		DD0DDF8A29525E580024B7EA /* PBXContainerItemProxy */ = {
			isa = PBXContainerItemProxy;
			containerPortal = DD0DDF7129525E570024B7EA /* Project object */;
			proxyType = 1;
			remoteGlobalIDString = DD0DDF7829525E570024B7EA;
			remoteInfo = MagicCatalog;
		};
		DD0DDF9429525E580024B7EA /* PBXContainerItemProxy */ = {
			isa = PBXContainerItemProxy;
			containerPortal = DD0DDF7129525E570024B7EA /* Project object */;
			proxyType = 1;
			remoteGlobalIDString = DD0DDF7829525E570024B7EA;
			remoteInfo = MagicCatalog;
		};
/* End PBXContainerItemProxy section */

/* Begin PBXFileReference section */
		DD0DDF7929525E570024B7EA /* MagicCatalog.app */ = {isa = PBXFileReference; explicitFileType = wrapper.application; includeInIndex = 0; path = MagicCatalog.app; sourceTree = BUILT_PRODUCTS_DIR; };
		DD0DDF7C29525E570024B7EA /* MagicCatalogApp.swift */ = {isa = PBXFileReference; lastKnownFileType = sourcecode.swift; path = MagicCatalogApp.swift; sourceTree = "<group>"; };
		DD0DDF8029525E570024B7EA /* Assets.xcassets */ = {isa = PBXFileReference; lastKnownFileType = folder.assetcatalog; path = Assets.xcassets; sourceTree = "<group>"; };
		DD0DDF8329525E570024B7EA /* Preview Assets.xcassets */ = {isa = PBXFileReference; lastKnownFileType = folder.assetcatalog; path = "Preview Assets.xcassets"; sourceTree = "<group>"; };
		DD0DDF8929525E580024B7EA /* MagicCatalogTests.xctest */ = {isa = PBXFileReference; explicitFileType = wrapper.cfbundle; includeInIndex = 0; path = MagicCatalogTests.xctest; sourceTree = BUILT_PRODUCTS_DIR; };
		DD0DDF8D29525E580024B7EA /* MagicCatalogTests.swift */ = {isa = PBXFileReference; lastKnownFileType = sourcecode.swift; path = MagicCatalogTests.swift; sourceTree = "<group>"; };
		DD0DDF9329525E580024B7EA /* MagicCatalogUITests.xctest */ = {isa = PBXFileReference; explicitFileType = wrapper.cfbundle; includeInIndex = 0; path = MagicCatalogUITests.xctest; sourceTree = BUILT_PRODUCTS_DIR; };
		DD0DDF9729525E580024B7EA /* MagicCatalogUITests.swift */ = {isa = PBXFileReference; lastKnownFileType = sourcecode.swift; path = MagicCatalogUITests.swift; sourceTree = "<group>"; };
		DD0DDF9929525E580024B7EA /* MagicCatalogUITestsLaunchTests.swift */ = {isa = PBXFileReference; lastKnownFileType = sourcecode.swift; path = MagicCatalogUITestsLaunchTests.swift; sourceTree = "<group>"; };
		DD0DDFA629525E8B0024B7EA /* CardSideView.swift */ = {isa = PBXFileReference; lastKnownFileType = sourcecode.swift; path = CardSideView.swift; sourceTree = "<group>"; };
		DD0DDFAC295270340024B7EA /* Swiftfall.swift */ = {isa = PBXFileReference; fileEncoding = 4; lastKnownFileType = sourcecode.swift; path = Swiftfall.swift; sourceTree = "<group>"; };
		DD0DDFB3295305900024B7EA /* CardReviewScreenViewModel.swift */ = {isa = PBXFileReference; lastKnownFileType = sourcecode.swift; path = CardReviewScreenViewModel.swift; sourceTree = "<group>"; };
		DD0DDFB729530EF20024B7EA /* ImageDownloaderManager.swift */ = {isa = PBXFileReference; lastKnownFileType = sourcecode.swift; path = ImageDownloaderManager.swift; sourceTree = "<group>"; };
		DD0DDFBA295317410024B7EA /* InteractiveCardView.swift */ = {isa = PBXFileReference; lastKnownFileType = sourcecode.swift; path = InteractiveCardView.swift; sourceTree = "<group>"; };
		DD0DDFBD29531FE00024B7EA /* View+CornerRadius.swift */ = {isa = PBXFileReference; lastKnownFileType = sourcecode.swift; path = "View+CornerRadius.swift"; sourceTree = "<group>"; };
		DD0DDFBF2953201E0024B7EA /* RoundedCornerShape.swift */ = {isa = PBXFileReference; lastKnownFileType = sourcecode.swift; path = RoundedCornerShape.swift; sourceTree = "<group>"; };
		DD0DDFC129532DB70024B7EA /* CardReviewScreenView.swift */ = {isa = PBXFileReference; lastKnownFileType = sourcecode.swift; path = CardReviewScreenView.swift; sourceTree = "<group>"; };
		DD0DDFC329532E000024B7EA /* CardReviewScreenTextBlockView.swift */ = {isa = PBXFileReference; lastKnownFileType = sourcecode.swift; path = CardReviewScreenTextBlockView.swift; sourceTree = "<group>"; };
		DD0DDFC8295344CC0024B7EA /* Beleren2016-Bold.ttf */ = {isa = PBXFileReference; lastKnownFileType = file; path = "Beleren2016-Bold.ttf"; sourceTree = "<group>"; };
		DD0DDFC9295344CC0024B7EA /* Beleren2016SmallCaps-Bold.ttf */ = {isa = PBXFileReference; lastKnownFileType = file; path = "Beleren2016SmallCaps-Bold.ttf"; sourceTree = "<group>"; };
		DD0DDFCA295344CC0024B7EA /* Beleren2016SmallCaps-BoldItalic.ttf */ = {isa = PBXFileReference; lastKnownFileType = file; path = "Beleren2016SmallCaps-BoldItalic.ttf"; sourceTree = "<group>"; };
		DD0DDFCE295345CE0024B7EA /* Info.plist */ = {isa = PBXFileReference; lastKnownFileType = text.plist; path = Info.plist; sourceTree = "<group>"; };
		DD0DDFD3295347F80024B7EA /* MTGFontName.swift */ = {isa = PBXFileReference; lastKnownFileType = sourcecode.swift; path = MTGFontName.swift; sourceTree = "<group>"; };
		DD0DDFD929535BFB0024B7EA /* Coordinator.swift */ = {isa = PBXFileReference; lastKnownFileType = sourcecode.swift; path = Coordinator.swift; sourceTree = "<group>"; };
		DD0DDFDB29535DB70024B7EA /* AppCoordinator.swift */ = {isa = PBXFileReference; lastKnownFileType = sourcecode.swift; path = AppCoordinator.swift; sourceTree = "<group>"; };
		DD0DDFE4295362C40024B7EA /* AppCoordinatorView.swift */ = {isa = PBXFileReference; lastKnownFileType = sourcecode.swift; path = AppCoordinatorView.swift; sourceTree = "<group>"; };
		DD0DDFE6295364750024B7EA /* LazyNavigationLink.swift */ = {isa = PBXFileReference; lastKnownFileType = sourcecode.swift; path = LazyNavigationLink.swift; sourceTree = "<group>"; };
		DD0DDFE8295365D40024B7EA /* LazyLoadView.swift */ = {isa = PBXFileReference; lastKnownFileType = sourcecode.swift; path = LazyLoadView.swift; sourceTree = "<group>"; };
		DD0DDFEB295367470024B7EA /* Mplantin.ttf */ = {isa = PBXFileReference; lastKnownFileType = file; path = Mplantin.ttf; sourceTree = "<group>"; };
		DD0DDFEE2953675F0024B7EA /* Matrix-Bold.ttf */ = {isa = PBXFileReference; lastKnownFileType = file; path = "Matrix-Bold.ttf"; sourceTree = "<group>"; };
		DD0DDFF12953677B0024B7EA /* magic-font.ttf */ = {isa = PBXFileReference; lastKnownFileType = file; path = "magic-font.ttf"; sourceTree = "<group>"; };
		DD0DDFF32953682A0024B7EA /* FontSize.swift */ = {isa = PBXFileReference; lastKnownFileType = sourcecode.swift; path = FontSize.swift; sourceTree = "<group>"; };
		DD0DDFF82953B9F50024B7EA /* MainScreenView.swift */ = {isa = PBXFileReference; lastKnownFileType = sourcecode.swift; path = MainScreenView.swift; sourceTree = "<group>"; };
		DD0DDFFA2953BA440024B7EA /* MainScreenViewModel.swift */ = {isa = PBXFileReference; lastKnownFileType = sourcecode.swift; path = MainScreenViewModel.swift; sourceTree = "<group>"; };
		DD0DDFFD2953BC960024B7EA /* MainScreenCoordinator.swift */ = {isa = PBXFileReference; lastKnownFileType = sourcecode.swift; path = MainScreenCoordinator.swift; sourceTree = "<group>"; };
		DD0DE0002953BCC40024B7EA /* CardReviewScreenCoordinator.swift */ = {isa = PBXFileReference; lastKnownFileType = sourcecode.swift; path = CardReviewScreenCoordinator.swift; sourceTree = "<group>"; };
		DD0DE0022953BDFF0024B7EA /* CardReviewScreenCoordinatorView.swift */ = {isa = PBXFileReference; lastKnownFileType = sourcecode.swift; path = CardReviewScreenCoordinatorView.swift; sourceTree = "<group>"; };
		DD0DE0042953BEB50024B7EA /* MainScreenCoordinatorView.swift */ = {isa = PBXFileReference; lastKnownFileType = sourcecode.swift; path = MainScreenCoordinatorView.swift; sourceTree = "<group>"; };
		DD0DE0062954991B0024B7EA /* UIColor+extension.swift */ = {isa = PBXFileReference; lastKnownFileType = sourcecode.swift; path = "UIColor+extension.swift"; sourceTree = "<group>"; };
		DD0DE0082954BA6A0024B7EA /* MainScreenButton.swift */ = {isa = PBXFileReference; lastKnownFileType = sourcecode.swift; path = MainScreenButton.swift; sourceTree = "<group>"; };
		DD0DE00B2954E5240024B7EA /* Placeholder.swift */ = {isa = PBXFileReference; lastKnownFileType = sourcecode.swift; path = Placeholder.swift; sourceTree = "<group>"; };
		DD34A67D2955B1B70007AE93 /* LaunchScreen.storyboard */ = {isa = PBXFileReference; lastKnownFileType = file.storyboard; path = LaunchScreen.storyboard; sourceTree = "<group>"; };
		DD360D272957326E00DDA30F /* SwiftFallResult.swift */ = {isa = PBXFileReference; fileEncoding = 4; lastKnownFileType = sourcecode.swift; path = SwiftFallResult.swift; sourceTree = "<group>"; };
		DD360D292957326E00DDA30F /* SwiftfallNetworkService.swift */ = {isa = PBXFileReference; fileEncoding = 4; lastKnownFileType = sourcecode.swift; path = SwiftfallNetworkService.swift; sourceTree = "<group>"; };
		DD360D2A2957326E00DDA30F /* NetworkService+SwiftFallCoreNetworkServiceProtocol.swift */ = {isa = PBXFileReference; fileEncoding = 4; lastKnownFileType = sourcecode.swift; path = "NetworkService+SwiftFallCoreNetworkServiceProtocol.swift"; sourceTree = "<group>"; };
		DD360D2B2957326E00DDA30F /* SwiftfallError.swift */ = {isa = PBXFileReference; fileEncoding = 4; lastKnownFileType = sourcecode.swift; path = SwiftfallError.swift; sourceTree = "<group>"; };
		DD360D2D2957326E00DDA30F /* SwiftFallConstants.swift */ = {isa = PBXFileReference; fileEncoding = 4; lastKnownFileType = sourcecode.swift; path = SwiftFallConstants.swift; sourceTree = "<group>"; };
		DD360D302957326E00DDA30F /* SwiftfallCardListService.swift */ = {isa = PBXFileReference; fileEncoding = 4; lastKnownFileType = sourcecode.swift; path = SwiftfallCardListService.swift; sourceTree = "<group>"; };
		DD360D332957326E00DDA30F /* RulingList.swift */ = {isa = PBXFileReference; fileEncoding = 4; lastKnownFileType = sourcecode.swift; path = RulingList.swift; sourceTree = "<group>"; };
		DD360D342957326E00DDA30F /* Ruling.swift */ = {isa = PBXFileReference; fileEncoding = 4; lastKnownFileType = sourcecode.swift; path = Ruling.swift; sourceTree = "<group>"; };
		DD360D352957326E00DDA30F /* SetList.swift */ = {isa = PBXFileReference; fileEncoding = 4; lastKnownFileType = sourcecode.swift; path = SetList.swift; sourceTree = "<group>"; };
		DD360D372957326E00DDA30F /* SymbolList.swift */ = {isa = PBXFileReference; fileEncoding = 4; lastKnownFileType = sourcecode.swift; path = SymbolList.swift; sourceTree = "<group>"; };
		DD360D382957326E00DDA30F /* Symbol.swift */ = {isa = PBXFileReference; fileEncoding = 4; lastKnownFileType = sourcecode.swift; path = Symbol.swift; sourceTree = "<group>"; };
		DD360D3B2957326E00DDA30F /* ScryFallSet.swift */ = {isa = PBXFileReference; fileEncoding = 4; lastKnownFileType = sourcecode.swift; path = ScryFallSet.swift; sourceTree = "<group>"; };
		DD360D3C2957326E00DDA30F /* SwiftfallCardSetService.swift */ = {isa = PBXFileReference; fileEncoding = 4; lastKnownFileType = sourcecode.swift; path = SwiftfallCardSetService.swift; sourceTree = "<group>"; };
		DD360D3E2957326E00DDA30F /* SwiftfallCardService.swift */ = {isa = PBXFileReference; fileEncoding = 4; lastKnownFileType = sourcecode.swift; path = SwiftfallCardService.swift; sourceTree = "<group>"; };
		DD360D402957326E00DDA30F /* RelatedCard.swift */ = {isa = PBXFileReference; fileEncoding = 4; lastKnownFileType = sourcecode.swift; path = RelatedCard.swift; sourceTree = "<group>"; };
		DD360D412957326E00DDA30F /* CardFace.swift */ = {isa = PBXFileReference; fileEncoding = 4; lastKnownFileType = sourcecode.swift; path = CardFace.swift; sourceTree = "<group>"; };
		DD360D422957326E00DDA30F /* CardPrice.swift */ = {isa = PBXFileReference; fileEncoding = 4; lastKnownFileType = sourcecode.swift; path = CardPrice.swift; sourceTree = "<group>"; };
		DD360D432957326E00DDA30F /* Card.swift */ = {isa = PBXFileReference; fileEncoding = 4; lastKnownFileType = sourcecode.swift; path = Card.swift; sourceTree = "<group>"; };
		DD360D442957326E00DDA30F /* CardList.swift */ = {isa = PBXFileReference; fileEncoding = 4; lastKnownFileType = sourcecode.swift; path = CardList.swift; sourceTree = "<group>"; };
		DD360D462957326E00DDA30F /* SwiftfallCatalogService.swift */ = {isa = PBXFileReference; fileEncoding = 4; lastKnownFileType = sourcecode.swift; path = SwiftfallCatalogService.swift; sourceTree = "<group>"; };
		DD360D482957326E00DDA30F /* Catalog.swift */ = {isa = PBXFileReference; fileEncoding = 4; lastKnownFileType = sourcecode.swift; path = Catalog.swift; sourceTree = "<group>"; };
		DD360D5F295732F000DDA30F /* ReachabilityService.swift */ = {isa = PBXFileReference; fileEncoding = 4; lastKnownFileType = sourcecode.swift; path = ReachabilityService.swift; sourceTree = "<group>"; };
		DD360D61295732F000DDA30F /* NetworkServiceError.swift */ = {isa = PBXFileReference; fileEncoding = 4; lastKnownFileType = sourcecode.swift; path = NetworkServiceError.swift; sourceTree = "<group>"; };
		DD360D62295732F000DDA30F /* NetworkService.swift */ = {isa = PBXFileReference; fileEncoding = 4; lastKnownFileType = sourcecode.swift; path = NetworkService.swift; sourceTree = "<group>"; };
		DD360D63295732F000DDA30F /* NetworkParams.swift */ = {isa = PBXFileReference; fileEncoding = 4; lastKnownFileType = sourcecode.swift; path = NetworkParams.swift; sourceTree = "<group>"; };
		DD360D6A2957547100DDA30F /* MainScreenCardSearchManager.swift */ = {isa = PBXFileReference; lastKnownFileType = sourcecode.swift; path = MainScreenCardSearchManager.swift; sourceTree = "<group>"; };
		DD360D6D295757F600DDA30F /* CardReviewScreenSearchManager.swift */ = {isa = PBXFileReference; lastKnownFileType = sourcecode.swift; path = CardReviewScreenSearchManager.swift; sourceTree = "<group>"; };
		DD360D7429575C0800DDA30F /* ScrollViewOffset.swift */ = {isa = PBXFileReference; fileEncoding = 4; lastKnownFileType = sourcecode.swift; path = ScrollViewOffset.swift; sourceTree = "<group>"; };
		DD360D7629575C8700DDA30F /* CardReviewScreenCardModel.swift */ = {isa = PBXFileReference; lastKnownFileType = sourcecode.swift; path = CardReviewScreenCardModel.swift; sourceTree = "<group>"; };
/* End PBXFileReference section */

/* Begin PBXFrameworksBuildPhase section */
		DD0DDF7629525E570024B7EA /* Frameworks */ = {
			isa = PBXFrameworksBuildPhase;
			buildActionMask = 2147483647;
			files = (
				DD360D252957324500DDA30F /* QGrid in Frameworks */,
			);
			runOnlyForDeploymentPostprocessing = 0;
		};
		DD0DDF8629525E580024B7EA /* Frameworks */ = {
			isa = PBXFrameworksBuildPhase;
			buildActionMask = 2147483647;
			files = (
			);
			runOnlyForDeploymentPostprocessing = 0;
		};
		DD0DDF9029525E580024B7EA /* Frameworks */ = {
			isa = PBXFrameworksBuildPhase;
			buildActionMask = 2147483647;
			files = (
			);
			runOnlyForDeploymentPostprocessing = 0;
		};
/* End PBXFrameworksBuildPhase section */

/* Begin PBXGroup section */
		DD0DDF7029525E570024B7EA = {
			isa = PBXGroup;
			children = (
				DD0DDF7B29525E570024B7EA /* MagicCatalog */,
				DD0DDF8C29525E580024B7EA /* MagicCatalogTests */,
				DD0DDF9629525E580024B7EA /* MagicCatalogUITests */,
				DD0DDF7A29525E570024B7EA /* Products */,
			);
			sourceTree = "<group>";
		};
		DD0DDF7A29525E570024B7EA /* Products */ = {
			isa = PBXGroup;
			children = (
				DD0DDF7929525E570024B7EA /* MagicCatalog.app */,
				DD0DDF8929525E580024B7EA /* MagicCatalogTests.xctest */,
				DD0DDF9329525E580024B7EA /* MagicCatalogUITests.xctest */,
			);
			name = Products;
			sourceTree = "<group>";
		};
		DD0DDF7B29525E570024B7EA /* MagicCatalog */ = {
			isa = PBXGroup;
			children = (
				DD0DDFD2295347DC0024B7EA /* Constants */,
				DD0DDFC5295343E90024B7EA /* Resources */,
				DD0DDFBC29531FB40024B7EA /* Extensions */,
				DD0DDFB5295306A60024B7EA /* Model */,
				DD0DDFDD295360FA0024B7EA /* Flows */,
				DD0DDF7C29525E570024B7EA /* MagicCatalogApp.swift */,
				DD0DDF8029525E570024B7EA /* Assets.xcassets */,
				DD0DDFCE295345CE0024B7EA /* Info.plist */,
				DD0DDF8229525E570024B7EA /* Preview Content */,
				DD34A67D2955B1B70007AE93 /* LaunchScreen.storyboard */,
			);
			path = MagicCatalog;
			sourceTree = "<group>";
		};
		DD0DDF8229525E570024B7EA /* Preview Content */ = {
			isa = PBXGroup;
			children = (
				DD0DDF8329525E570024B7EA /* Preview Assets.xcassets */,
			);
			path = "Preview Content";
			sourceTree = "<group>";
		};
		DD0DDF8C29525E580024B7EA /* MagicCatalogTests */ = {
			isa = PBXGroup;
			children = (
				DD0DDF8D29525E580024B7EA /* MagicCatalogTests.swift */,
			);
			path = MagicCatalogTests;
			sourceTree = "<group>";
		};
		DD0DDF9629525E580024B7EA /* MagicCatalogUITests */ = {
			isa = PBXGroup;
			children = (
				DD0DDF9729525E580024B7EA /* MagicCatalogUITests.swift */,
				DD0DDF9929525E580024B7EA /* MagicCatalogUITestsLaunchTests.swift */,
			);
			path = MagicCatalogUITests;
			sourceTree = "<group>";
		};
		DD0DDFAB295270110024B7EA /* ScryfallService */ = {
			isa = PBXGroup;
			children = (
				DD360D2C2957326E00DDA30F /* Constants */,
				DD360D262957326E00DDA30F /* Model */,
				DD360D2E2957326E00DDA30F /* Services */,
				DD0DDFAC295270340024B7EA /* Swiftfall.swift */,
			);
			path = ScryfallService;
			sourceTree = "<group>";
		};
		DD0DDFB02953052D0024B7EA /* CardReviewScreen */ = {
			isa = PBXGroup;
			children = (
				DD0DDFFF2953BCB90024B7EA /* Coordinator */,
				DD360D6C295757B800DDA30F /* Model */,
				DD0DDFB2295305450024B7EA /* ViewModel */,
				DD0DDFB1295305400024B7EA /* View */,
			);
			path = CardReviewScreen;
			sourceTree = "<group>";
		};
		DD0DDFB1295305400024B7EA /* View */ = {
			isa = PBXGroup;
			children = (
				DD0DDFB9295317240024B7EA /* InteractiveCardView */,
				DD0DDFC129532DB70024B7EA /* CardReviewScreenView.swift */,
				DD0DDFC329532E000024B7EA /* CardReviewScreenTextBlockView.swift */,
			);
			path = View;
			sourceTree = "<group>";
		};
		DD0DDFB2295305450024B7EA /* ViewModel */ = {
			isa = PBXGroup;
			children = (
				DD0DDFB3295305900024B7EA /* CardReviewScreenViewModel.swift */,
			);
			path = ViewModel;
			sourceTree = "<group>";
		};
		DD0DDFB5295306A60024B7EA /* Model */ = {
			isa = PBXGroup;
			children = (
				DD360D60295732F000DDA30F /* NetworkService */,
				DD360D5E295732F000DDA30F /* ReachabilityService */,
				DD0DDFB629530EE60024B7EA /* ImageDownloader */,
				DD0DDFAB295270110024B7EA /* ScryfallService */,
			);
			path = Model;
			sourceTree = "<group>";
		};
		DD0DDFB629530EE60024B7EA /* ImageDownloader */ = {
			isa = PBXGroup;
			children = (
				DD0DDFB729530EF20024B7EA /* ImageDownloaderManager.swift */,
			);
			path = ImageDownloader;
			sourceTree = "<group>";
		};
		DD0DDFB9295317240024B7EA /* InteractiveCardView */ = {
			isa = PBXGroup;
			children = (
				DD0DDFA629525E8B0024B7EA /* CardSideView.swift */,
				DD0DDFBA295317410024B7EA /* InteractiveCardView.swift */,
			);
			path = InteractiveCardView;
			sourceTree = "<group>";
		};
		DD0DDFBC29531FB40024B7EA /* Extensions */ = {
			isa = PBXGroup;
			children = (
				DD0DDFBD29531FE00024B7EA /* View+CornerRadius.swift */,
				DD0DDFBF2953201E0024B7EA /* RoundedCornerShape.swift */,
				DD0DE0062954991B0024B7EA /* UIColor+extension.swift */,
			);
			path = Extensions;
			sourceTree = "<group>";
		};
		DD0DDFC5295343E90024B7EA /* Resources */ = {
			isa = PBXGroup;
			children = (
				DD0DDFC6295344140024B7EA /* Fonts */,
			);
			path = Resources;
			sourceTree = "<group>";
		};
		DD0DDFC6295344140024B7EA /* Fonts */ = {
			isa = PBXGroup;
			children = (
				DD0DDFF0295367630024B7EA /* IconsFont */,
				DD0DDFED295367550024B7EA /* Matrix */,
				DD0DDFEA2953672B0024B7EA /* Mplantin */,
				DD0DDFC7295344B40024B7EA /* Beleren */,
			);
			path = Fonts;
			sourceTree = "<group>";
		};
		DD0DDFC7295344B40024B7EA /* Beleren */ = {
			isa = PBXGroup;
			children = (
				DD0DDFC8295344CC0024B7EA /* Beleren2016-Bold.ttf */,
				DD0DDFC9295344CC0024B7EA /* Beleren2016SmallCaps-Bold.ttf */,
				DD0DDFCA295344CC0024B7EA /* Beleren2016SmallCaps-BoldItalic.ttf */,
			);
			path = Beleren;
			sourceTree = "<group>";
		};
		DD0DDFD2295347DC0024B7EA /* Constants */ = {
			isa = PBXGroup;
			children = (
				DD0DDFD3295347F80024B7EA /* MTGFontName.swift */,
				DD0DDFF32953682A0024B7EA /* FontSize.swift */,
			);
			path = Constants;
			sourceTree = "<group>";
		};
		DD0DDFD729535BE50024B7EA /* Navigation */ = {
			isa = PBXGroup;
			children = (
				DD0DDFD929535BFB0024B7EA /* Coordinator.swift */,
				DD0DDFDB29535DB70024B7EA /* AppCoordinator.swift */,
				DD0DDFE4295362C40024B7EA /* AppCoordinatorView.swift */,
			);
			path = Navigation;
			sourceTree = "<group>";
		};
		DD0DDFDD295360FA0024B7EA /* Flows */ = {
			isa = PBXGroup;
			children = (
				DD0DDFE2295361880024B7EA /* Shared views */,
				DD0DDFD729535BE50024B7EA /* Navigation */,
				DD0DDFE1295361690024B7EA /* Screens */,
			);
			path = Flows;
			sourceTree = "<group>";
		};
		DD0DDFDE2953611C0024B7EA /* MainScreen */ = {
			isa = PBXGroup;
			children = (
				DD0DDFFC2953BC790024B7EA /* Coordinator */,
				DD360D692957545000DDA30F /* Model */,
				DD0DDFE02953612D0024B7EA /* ViewModel */,
				DD0DDFDF295361280024B7EA /* View */,
			);
			path = MainScreen;
			sourceTree = "<group>";
		};
		DD0DDFDF295361280024B7EA /* View */ = {
			isa = PBXGroup;
			children = (
				DD0DDFF82953B9F50024B7EA /* MainScreenView.swift */,
				DD0DE0082954BA6A0024B7EA /* MainScreenButton.swift */,
			);
			path = View;
			sourceTree = "<group>";
		};
		DD0DDFE02953612D0024B7EA /* ViewModel */ = {
			isa = PBXGroup;
			children = (
				DD0DDFFA2953BA440024B7EA /* MainScreenViewModel.swift */,
			);
			path = ViewModel;
			sourceTree = "<group>";
		};
		DD0DDFE1295361690024B7EA /* Screens */ = {
			isa = PBXGroup;
			children = (
				DD0DDFDE2953611C0024B7EA /* MainScreen */,
				DD0DDFB02953052D0024B7EA /* CardReviewScreen */,
			);
			path = Screens;
			sourceTree = "<group>";
		};
		DD0DDFE2295361880024B7EA /* Shared views */ = {
			isa = PBXGroup;
			children = (
				DD360D7429575C0800DDA30F /* ScrollViewOffset.swift */,
				DD0DDFE8295365D40024B7EA /* LazyLoadView.swift */,
				DD0DDFE6295364750024B7EA /* LazyNavigationLink.swift */,
				DD0DE00B2954E5240024B7EA /* Placeholder.swift */,
			);
			path = "Shared views";
			sourceTree = "<group>";
		};
		DD0DDFEA2953672B0024B7EA /* Mplantin */ = {
			isa = PBXGroup;
			children = (
				DD0DDFEB295367470024B7EA /* Mplantin.ttf */,
			);
			path = Mplantin;
			sourceTree = "<group>";
		};
		DD0DDFED295367550024B7EA /* Matrix */ = {
			isa = PBXGroup;
			children = (
				DD0DDFEE2953675F0024B7EA /* Matrix-Bold.ttf */,
			);
			path = Matrix;
			sourceTree = "<group>";
		};
		DD0DDFF0295367630024B7EA /* IconsFont */ = {
			isa = PBXGroup;
			children = (
				DD0DDFF12953677B0024B7EA /* magic-font.ttf */,
			);
			path = IconsFont;
			sourceTree = "<group>";
		};
		DD0DDFFC2953BC790024B7EA /* Coordinator */ = {
			isa = PBXGroup;
			children = (
				DD0DDFFD2953BC960024B7EA /* MainScreenCoordinator.swift */,
				DD0DE0042953BEB50024B7EA /* MainScreenCoordinatorView.swift */,
			);
			path = Coordinator;
			sourceTree = "<group>";
		};
		DD0DDFFF2953BCB90024B7EA /* Coordinator */ = {
			isa = PBXGroup;
			children = (
				DD0DE0002953BCC40024B7EA /* CardReviewScreenCoordinator.swift */,
				DD0DE0022953BDFF0024B7EA /* CardReviewScreenCoordinatorView.swift */,
			);
			path = Coordinator;
			sourceTree = "<group>";
		};
		DD360D262957326E00DDA30F /* Model */ = {
			isa = PBXGroup;
			children = (
				DD360D282957326E00DDA30F /* NetworkManager */,
				DD360D272957326E00DDA30F /* SwiftFallResult.swift */,
				DD360D2B2957326E00DDA30F /* SwiftfallError.swift */,
			);
			path = Model;
			sourceTree = "<group>";
		};
		DD360D282957326E00DDA30F /* NetworkManager */ = {
			isa = PBXGroup;
			children = (
				DD360D292957326E00DDA30F /* SwiftfallNetworkService.swift */,
			);
			path = NetworkManager;
			sourceTree = "<group>";
		};
		DD360D2C2957326E00DDA30F /* Constants */ = {
			isa = PBXGroup;
			children = (
				DD360D2D2957326E00DDA30F /* SwiftFallConstants.swift */,
			);
			path = Constants;
			sourceTree = "<group>";
		};
		DD360D2E2957326E00DDA30F /* Services */ = {
			isa = PBXGroup;
			children = (
				DD360D2F2957326E00DDA30F /* CardListService */,
				DD360D392957326E00DDA30F /* CardSetService */,
				DD360D3D2957326E00DDA30F /* CardService */,
				DD360D452957326E00DDA30F /* CatalogsService */,
			);
			path = Services;
			sourceTree = "<group>";
		};
		DD360D2F2957326E00DDA30F /* CardListService */ = {
			isa = PBXGroup;
			children = (
				DD360D312957326E00DDA30F /* Model */,
				DD360D302957326E00DDA30F /* SwiftfallCardListService.swift */,
			);
			path = CardListService;
			sourceTree = "<group>";
		};
		DD360D312957326E00DDA30F /* Model */ = {
			isa = PBXGroup;
			children = (
				DD360D322957326E00DDA30F /* Ruling */,
				DD360D352957326E00DDA30F /* SetList.swift */,
				DD360D362957326E00DDA30F /* Symbol */,
			);
			path = Model;
			sourceTree = "<group>";
		};
		DD360D322957326E00DDA30F /* Ruling */ = {
			isa = PBXGroup;
			children = (
				DD360D332957326E00DDA30F /* RulingList.swift */,
				DD360D342957326E00DDA30F /* Ruling.swift */,
			);
			path = Ruling;
			sourceTree = "<group>";
		};
		DD360D362957326E00DDA30F /* Symbol */ = {
			isa = PBXGroup;
			children = (
				DD360D372957326E00DDA30F /* SymbolList.swift */,
				DD360D382957326E00DDA30F /* Symbol.swift */,
			);
			path = Symbol;
			sourceTree = "<group>";
		};
		DD360D392957326E00DDA30F /* CardSetService */ = {
			isa = PBXGroup;
			children = (
				DD360D3A2957326E00DDA30F /* Model */,
				DD360D3C2957326E00DDA30F /* SwiftfallCardSetService.swift */,
			);
			path = CardSetService;
			sourceTree = "<group>";
		};
		DD360D3A2957326E00DDA30F /* Model */ = {
			isa = PBXGroup;
			children = (
				DD360D3B2957326E00DDA30F /* ScryFallSet.swift */,
			);
			path = Model;
			sourceTree = "<group>";
		};
		DD360D3D2957326E00DDA30F /* CardService */ = {
			isa = PBXGroup;
			children = (
				DD360D3F2957326E00DDA30F /* Model */,
				DD360D3E2957326E00DDA30F /* SwiftfallCardService.swift */,
			);
			path = CardService;
			sourceTree = "<group>";
		};
		DD360D3F2957326E00DDA30F /* Model */ = {
			isa = PBXGroup;
			children = (
				DD360D402957326E00DDA30F /* RelatedCard.swift */,
				DD360D412957326E00DDA30F /* CardFace.swift */,
				DD360D422957326E00DDA30F /* CardPrice.swift */,
				DD360D432957326E00DDA30F /* Card.swift */,
				DD360D442957326E00DDA30F /* CardList.swift */,
			);
			path = Model;
			sourceTree = "<group>";
		};
		DD360D452957326E00DDA30F /* CatalogsService */ = {
			isa = PBXGroup;
			children = (
				DD360D462957326E00DDA30F /* SwiftfallCatalogService.swift */,
				DD360D472957326E00DDA30F /* Model */,
			);
			path = CatalogsService;
			sourceTree = "<group>";
		};
		DD360D472957326E00DDA30F /* Model */ = {
			isa = PBXGroup;
			children = (
				DD360D482957326E00DDA30F /* Catalog.swift */,
			);
			path = Model;
			sourceTree = "<group>";
		};
		DD360D5E295732F000DDA30F /* ReachabilityService */ = {
			isa = PBXGroup;
			children = (
				DD360D5F295732F000DDA30F /* ReachabilityService.swift */,
			);
			path = ReachabilityService;
			sourceTree = "<group>";
		};
		DD360D60295732F000DDA30F /* NetworkService */ = {
			isa = PBXGroup;
			children = (
				DD360D6829573C3D00DDA30F /* Extensions */,
				DD360D61295732F000DDA30F /* NetworkServiceError.swift */,
				DD360D62295732F000DDA30F /* NetworkService.swift */,
				DD360D63295732F000DDA30F /* NetworkParams.swift */,
			);
			path = NetworkService;
			sourceTree = "<group>";
		};
		DD360D6829573C3D00DDA30F /* Extensions */ = {
			isa = PBXGroup;
			children = (
				DD360D2A2957326E00DDA30F /* NetworkService+SwiftFallCoreNetworkServiceProtocol.swift */,
			);
			path = Extensions;
			sourceTree = "<group>";
		};
		DD360D692957545000DDA30F /* Model */ = {
			isa = PBXGroup;
			children = (
				DD360D6A2957547100DDA30F /* MainScreenCardSearchManager.swift */,
			);
			path = Model;
			sourceTree = "<group>";
		};
		DD360D6C295757B800DDA30F /* Model */ = {
			isa = PBXGroup;
			children = (
				DD360D6D295757F600DDA30F /* CardReviewScreenSearchManager.swift */,
				DD360D7629575C8700DDA30F /* CardReviewScreenCardModel.swift */,
			);
			path = Model;
			sourceTree = "<group>";
		};
/* End PBXGroup section */

/* Begin PBXNativeTarget section */
		DD0DDF7829525E570024B7EA /* MagicCatalog */ = {
			isa = PBXNativeTarget;
			buildConfigurationList = DD0DDF9D29525E580024B7EA /* Build configuration list for PBXNativeTarget "MagicCatalog" */;
			buildPhases = (
				DD0DDF7529525E570024B7EA /* Sources */,
				DD0DDF7629525E570024B7EA /* Frameworks */,
				DD0DDF7729525E570024B7EA /* Resources */,
			);
			buildRules = (
			);
			dependencies = (
			);
			name = MagicCatalog;
			packageProductDependencies = (
				DD360D242957324500DDA30F /* QGrid */,
			);
			productName = MagicCatalog;
			productReference = DD0DDF7929525E570024B7EA /* MagicCatalog.app */;
			productType = "com.apple.product-type.application";
		};
		DD0DDF8829525E580024B7EA /* MagicCatalogTests */ = {
			isa = PBXNativeTarget;
			buildConfigurationList = DD0DDFA029525E580024B7EA /* Build configuration list for PBXNativeTarget "MagicCatalogTests" */;
			buildPhases = (
				DD0DDF8529525E580024B7EA /* Sources */,
				DD0DDF8629525E580024B7EA /* Frameworks */,
				DD0DDF8729525E580024B7EA /* Resources */,
			);
			buildRules = (
			);
			dependencies = (
				DD0DDF8B29525E580024B7EA /* PBXTargetDependency */,
			);
			name = MagicCatalogTests;
			productName = MagicCatalogTests;
			productReference = DD0DDF8929525E580024B7EA /* MagicCatalogTests.xctest */;
			productType = "com.apple.product-type.bundle.unit-test";
		};
		DD0DDF9229525E580024B7EA /* MagicCatalogUITests */ = {
			isa = PBXNativeTarget;
			buildConfigurationList = DD0DDFA329525E580024B7EA /* Build configuration list for PBXNativeTarget "MagicCatalogUITests" */;
			buildPhases = (
				DD0DDF8F29525E580024B7EA /* Sources */,
				DD0DDF9029525E580024B7EA /* Frameworks */,
				DD0DDF9129525E580024B7EA /* Resources */,
			);
			buildRules = (
			);
			dependencies = (
				DD0DDF9529525E580024B7EA /* PBXTargetDependency */,
			);
			name = MagicCatalogUITests;
			productName = MagicCatalogUITests;
			productReference = DD0DDF9329525E580024B7EA /* MagicCatalogUITests.xctest */;
			productType = "com.apple.product-type.bundle.ui-testing";
		};
/* End PBXNativeTarget section */

/* Begin PBXProject section */
		DD0DDF7129525E570024B7EA /* Project object */ = {
			isa = PBXProject;
			attributes = {
				BuildIndependentTargetsInParallel = 1;
				LastSwiftUpdateCheck = 1340;
				LastUpgradeCheck = 1340;
				TargetAttributes = {
					DD0DDF7829525E570024B7EA = {
						CreatedOnToolsVersion = 13.4.1;
					};
					DD0DDF8829525E580024B7EA = {
						CreatedOnToolsVersion = 13.4.1;
						TestTargetID = DD0DDF7829525E570024B7EA;
					};
					DD0DDF9229525E580024B7EA = {
						CreatedOnToolsVersion = 13.4.1;
						TestTargetID = DD0DDF7829525E570024B7EA;
					};
				};
			};
			buildConfigurationList = DD0DDF7429525E570024B7EA /* Build configuration list for PBXProject "MagicCatalog" */;
			compatibilityVersion = "Xcode 13.0";
			developmentRegion = en;
			hasScannedForEncodings = 0;
			knownRegions = (
				en,
				Base,
			);
			mainGroup = DD0DDF7029525E570024B7EA;
			packageReferences = (
				DD360D232957324500DDA30F /* XCRemoteSwiftPackageReference "QGrid" */,
			);
			productRefGroup = DD0DDF7A29525E570024B7EA /* Products */;
			projectDirPath = "";
			projectRoot = "";
			targets = (
				DD0DDF7829525E570024B7EA /* MagicCatalog */,
				DD0DDF8829525E580024B7EA /* MagicCatalogTests */,
				DD0DDF9229525E580024B7EA /* MagicCatalogUITests */,
			);
		};
/* End PBXProject section */

/* Begin PBXResourcesBuildPhase section */
		DD0DDF7729525E570024B7EA /* Resources */ = {
			isa = PBXResourcesBuildPhase;
			buildActionMask = 2147483647;
			files = (
				DD0DDFCD295344CC0024B7EA /* Beleren2016SmallCaps-BoldItalic.ttf in Resources */,
				DD0DDF8429525E570024B7EA /* Preview Assets.xcassets in Resources */,
				DD0DDFCC295344CC0024B7EA /* Beleren2016SmallCaps-Bold.ttf in Resources */,
				DD34A67E2955B1B70007AE93 /* LaunchScreen.storyboard in Resources */,
				DD0DDF8129525E570024B7EA /* Assets.xcassets in Resources */,
				DD0DDFCB295344CC0024B7EA /* Beleren2016-Bold.ttf in Resources */,
				DD0DDFEC295367470024B7EA /* Mplantin.ttf in Resources */,
				DD0DDFEF2953675F0024B7EA /* Matrix-Bold.ttf in Resources */,
				DD0DDFF22953677B0024B7EA /* magic-font.ttf in Resources */,
			);
			runOnlyForDeploymentPostprocessing = 0;
		};
		DD0DDF8729525E580024B7EA /* Resources */ = {
			isa = PBXResourcesBuildPhase;
			buildActionMask = 2147483647;
			files = (
			);
			runOnlyForDeploymentPostprocessing = 0;
		};
		DD0DDF9129525E580024B7EA /* Resources */ = {
			isa = PBXResourcesBuildPhase;
			buildActionMask = 2147483647;
			files = (
			);
			runOnlyForDeploymentPostprocessing = 0;
		};
/* End PBXResourcesBuildPhase section */

/* Begin PBXSourcesBuildPhase section */
		DD0DDF7529525E570024B7EA /* Sources */ = {
			isa = PBXSourcesBuildPhase;
			buildActionMask = 2147483647;
			files = (
				DD0DDFB4295305900024B7EA /* CardReviewScreenViewModel.swift in Sources */,
				DD0DDFF42953682A0024B7EA /* FontSize.swift in Sources */,
				DD360D4E2957326E00DDA30F /* SwiftfallCardListService.swift in Sources */,
				DD360D5D2957326E00DDA30F /* Catalog.swift in Sources */,
				DD360D552957326E00DDA30F /* SwiftfallCardSetService.swift in Sources */,
				DD360D582957326E00DDA30F /* CardFace.swift in Sources */,
				DD0DDFE7295364750024B7EA /* LazyNavigationLink.swift in Sources */,
				DD360D6B2957547100DDA30F /* MainScreenCardSearchManager.swift in Sources */,
				DD0DE0072954991B0024B7EA /* UIColor+extension.swift in Sources */,
				DD360D532957326E00DDA30F /* Symbol.swift in Sources */,
				DD360D7529575C0800DDA30F /* ScrollViewOffset.swift in Sources */,
				DD0DE0032953BDFF0024B7EA /* CardReviewScreenCoordinatorView.swift in Sources */,
				DD0DDFBE29531FE00024B7EA /* View+CornerRadius.swift in Sources */,
				DD0DDFDA29535BFB0024B7EA /* Coordinator.swift in Sources */,
				DD360D67295732F000DDA30F /* NetworkParams.swift in Sources */,
				DD0DDFBB295317410024B7EA /* InteractiveCardView.swift in Sources */,
				DD360D562957326E00DDA30F /* SwiftfallCardService.swift in Sources */,
				DD360D502957326E00DDA30F /* Ruling.swift in Sources */,
				DD0DDFAD295270340024B7EA /* Swiftfall.swift in Sources */,
				DD0DDFFB2953BA440024B7EA /* MainScreenViewModel.swift in Sources */,
				DD0DDFC229532DB70024B7EA /* CardReviewScreenView.swift in Sources */,
				DD360D4C2957326E00DDA30F /* SwiftfallError.swift in Sources */,
				DD0DE0052953BEB50024B7EA /* MainScreenCoordinatorView.swift in Sources */,
				DD360D64295732F000DDA30F /* ReachabilityService.swift in Sources */,
				DD360D66295732F000DDA30F /* NetworkService.swift in Sources */,
				DD0DDFE9295365D40024B7EA /* LazyLoadView.swift in Sources */,
				DD0DDFDC29535DB70024B7EA /* AppCoordinator.swift in Sources */,
				DD360D4B2957326E00DDA30F /* NetworkService+SwiftFallCoreNetworkServiceProtocol.swift in Sources */,
				DD0DDFF92953B9F50024B7EA /* MainScreenView.swift in Sources */,
				DD360D512957326E00DDA30F /* SetList.swift in Sources */,
				DD360D7729575C8700DDA30F /* CardReviewScreenCardModel.swift in Sources */,
				DD0DDF7D29525E570024B7EA /* MagicCatalogApp.swift in Sources */,
				DD360D4A2957326E00DDA30F /* SwiftfallNetworkService.swift in Sources */,
				DD360D592957326E00DDA30F /* CardPrice.swift in Sources */,
				DD360D6E295757F600DDA30F /* CardReviewScreenSearchManager.swift in Sources */,
				DD0DDFB829530EF20024B7EA /* ImageDownloaderManager.swift in Sources */,
				DD360D572957326E00DDA30F /* RelatedCard.swift in Sources */,
				DD0DDFC429532E000024B7EA /* CardReviewScreenTextBlockView.swift in Sources */,
				DD360D492957326E00DDA30F /* SwiftFallResult.swift in Sources */,
				DD360D4F2957326E00DDA30F /* RulingList.swift in Sources */,
				DD360D65295732F000DDA30F /* NetworkServiceError.swift in Sources */,
				DD360D542957326E00DDA30F /* ScryFallSet.swift in Sources */,
				DD360D5C2957326E00DDA30F /* SwiftfallCatalogService.swift in Sources */,
				DD0DDFA729525E8B0024B7EA /* CardSideView.swift in Sources */,
				DD0DE0092954BA6A0024B7EA /* MainScreenButton.swift in Sources */,
				DD0DDFC02953201E0024B7EA /* RoundedCornerShape.swift in Sources */,
				DD360D5A2957326E00DDA30F /* Card.swift in Sources */,
				DD0DDFFE2953BC960024B7EA /* MainScreenCoordinator.swift in Sources */,
				DD360D522957326E00DDA30F /* SymbolList.swift in Sources */,
				DD0DE0012953BCC40024B7EA /* CardReviewScreenCoordinator.swift in Sources */,
				DD360D4D2957326E00DDA30F /* SwiftFallConstants.swift in Sources */,
				DD0DDFD4295347F80024B7EA /* MTGFontName.swift in Sources */,
				DD360D5B2957326E00DDA30F /* CardList.swift in Sources */,
				DD0DDFE5295362C40024B7EA /* AppCoordinatorView.swift in Sources */,
				DD0DE00C2954E5240024B7EA /* Placeholder.swift in Sources */,
			);
			runOnlyForDeploymentPostprocessing = 0;
		};
		DD0DDF8529525E580024B7EA /* Sources */ = {
			isa = PBXSourcesBuildPhase;
			buildActionMask = 2147483647;
			files = (
				DD0DDF8E29525E580024B7EA /* MagicCatalogTests.swift in Sources */,
			);
			runOnlyForDeploymentPostprocessing = 0;
		};
		DD0DDF8F29525E580024B7EA /* Sources */ = {
			isa = PBXSourcesBuildPhase;
			buildActionMask = 2147483647;
			files = (
				DD0DDF9A29525E580024B7EA /* MagicCatalogUITestsLaunchTests.swift in Sources */,
				DD0DDF9829525E580024B7EA /* MagicCatalogUITests.swift in Sources */,
			);
			runOnlyForDeploymentPostprocessing = 0;
		};
/* End PBXSourcesBuildPhase section */

/* Begin PBXTargetDependency section */
		DD0DDF8B29525E580024B7EA /* PBXTargetDependency */ = {
			isa = PBXTargetDependency;
			target = DD0DDF7829525E570024B7EA /* MagicCatalog */;
			targetProxy = DD0DDF8A29525E580024B7EA /* PBXContainerItemProxy */;
		};
		DD0DDF9529525E580024B7EA /* PBXTargetDependency */ = {
			isa = PBXTargetDependency;
			target = DD0DDF7829525E570024B7EA /* MagicCatalog */;
			targetProxy = DD0DDF9429525E580024B7EA /* PBXContainerItemProxy */;
		};
/* End PBXTargetDependency section */

/* Begin XCBuildConfiguration section */
		DD0DDF9B29525E580024B7EA /* Debug */ = {
			isa = XCBuildConfiguration;
			buildSettings = {
				ALWAYS_SEARCH_USER_PATHS = NO;
				CLANG_ANALYZER_NONNULL = YES;
				CLANG_ANALYZER_NUMBER_OBJECT_CONVERSION = YES_AGGRESSIVE;
				CLANG_CXX_LANGUAGE_STANDARD = "gnu++17";
				CLANG_ENABLE_MODULES = YES;
				CLANG_ENABLE_OBJC_ARC = YES;
				CLANG_ENABLE_OBJC_WEAK = YES;
				CLANG_WARN_BLOCK_CAPTURE_AUTORELEASING = YES;
				CLANG_WARN_BOOL_CONVERSION = YES;
				CLANG_WARN_COMMA = YES;
				CLANG_WARN_CONSTANT_CONVERSION = YES;
				CLANG_WARN_DEPRECATED_OBJC_IMPLEMENTATIONS = YES;
				CLANG_WARN_DIRECT_OBJC_ISA_USAGE = YES_ERROR;
				CLANG_WARN_DOCUMENTATION_COMMENTS = YES;
				CLANG_WARN_EMPTY_BODY = YES;
				CLANG_WARN_ENUM_CONVERSION = YES;
				CLANG_WARN_INFINITE_RECURSION = YES;
				CLANG_WARN_INT_CONVERSION = YES;
				CLANG_WARN_NON_LITERAL_NULL_CONVERSION = YES;
				CLANG_WARN_OBJC_IMPLICIT_RETAIN_SELF = YES;
				CLANG_WARN_OBJC_LITERAL_CONVERSION = YES;
				CLANG_WARN_OBJC_ROOT_CLASS = YES_ERROR;
				CLANG_WARN_QUOTED_INCLUDE_IN_FRAMEWORK_HEADER = YES;
				CLANG_WARN_RANGE_LOOP_ANALYSIS = YES;
				CLANG_WARN_STRICT_PROTOTYPES = YES;
				CLANG_WARN_SUSPICIOUS_MOVE = YES;
				CLANG_WARN_UNGUARDED_AVAILABILITY = YES_AGGRESSIVE;
				CLANG_WARN_UNREACHABLE_CODE = YES;
				CLANG_WARN__DUPLICATE_METHOD_MATCH = YES;
				COPY_PHASE_STRIP = NO;
				DEBUG_INFORMATION_FORMAT = dwarf;
				ENABLE_STRICT_OBJC_MSGSEND = YES;
				ENABLE_TESTABILITY = YES;
				GCC_C_LANGUAGE_STANDARD = gnu11;
				GCC_DYNAMIC_NO_PIC = NO;
				GCC_NO_COMMON_BLOCKS = YES;
				GCC_OPTIMIZATION_LEVEL = 0;
				GCC_PREPROCESSOR_DEFINITIONS = (
					"DEBUG=1",
					"$(inherited)",
				);
				GCC_WARN_64_TO_32_BIT_CONVERSION = YES;
				GCC_WARN_ABOUT_RETURN_TYPE = YES_ERROR;
				GCC_WARN_UNDECLARED_SELECTOR = YES;
				GCC_WARN_UNINITIALIZED_AUTOS = YES_AGGRESSIVE;
				GCC_WARN_UNUSED_FUNCTION = YES;
				GCC_WARN_UNUSED_VARIABLE = YES;
				IPHONEOS_DEPLOYMENT_TARGET = 15.5;
				MTL_ENABLE_DEBUG_INFO = INCLUDE_SOURCE;
				MTL_FAST_MATH = YES;
				ONLY_ACTIVE_ARCH = YES;
				SDKROOT = iphoneos;
				SWIFT_ACTIVE_COMPILATION_CONDITIONS = DEBUG;
				SWIFT_OPTIMIZATION_LEVEL = "-Onone";
			};
			name = Debug;
		};
		DD0DDF9C29525E580024B7EA /* Release */ = {
			isa = XCBuildConfiguration;
			buildSettings = {
				ALWAYS_SEARCH_USER_PATHS = NO;
				CLANG_ANALYZER_NONNULL = YES;
				CLANG_ANALYZER_NUMBER_OBJECT_CONVERSION = YES_AGGRESSIVE;
				CLANG_CXX_LANGUAGE_STANDARD = "gnu++17";
				CLANG_ENABLE_MODULES = YES;
				CLANG_ENABLE_OBJC_ARC = YES;
				CLANG_ENABLE_OBJC_WEAK = YES;
				CLANG_WARN_BLOCK_CAPTURE_AUTORELEASING = YES;
				CLANG_WARN_BOOL_CONVERSION = YES;
				CLANG_WARN_COMMA = YES;
				CLANG_WARN_CONSTANT_CONVERSION = YES;
				CLANG_WARN_DEPRECATED_OBJC_IMPLEMENTATIONS = YES;
				CLANG_WARN_DIRECT_OBJC_ISA_USAGE = YES_ERROR;
				CLANG_WARN_DOCUMENTATION_COMMENTS = YES;
				CLANG_WARN_EMPTY_BODY = YES;
				CLANG_WARN_ENUM_CONVERSION = YES;
				CLANG_WARN_INFINITE_RECURSION = YES;
				CLANG_WARN_INT_CONVERSION = YES;
				CLANG_WARN_NON_LITERAL_NULL_CONVERSION = YES;
				CLANG_WARN_OBJC_IMPLICIT_RETAIN_SELF = YES;
				CLANG_WARN_OBJC_LITERAL_CONVERSION = YES;
				CLANG_WARN_OBJC_ROOT_CLASS = YES_ERROR;
				CLANG_WARN_QUOTED_INCLUDE_IN_FRAMEWORK_HEADER = YES;
				CLANG_WARN_RANGE_LOOP_ANALYSIS = YES;
				CLANG_WARN_STRICT_PROTOTYPES = YES;
				CLANG_WARN_SUSPICIOUS_MOVE = YES;
				CLANG_WARN_UNGUARDED_AVAILABILITY = YES_AGGRESSIVE;
				CLANG_WARN_UNREACHABLE_CODE = YES;
				CLANG_WARN__DUPLICATE_METHOD_MATCH = YES;
				COPY_PHASE_STRIP = NO;
				DEBUG_INFORMATION_FORMAT = "dwarf-with-dsym";
				ENABLE_NS_ASSERTIONS = NO;
				ENABLE_STRICT_OBJC_MSGSEND = YES;
				GCC_C_LANGUAGE_STANDARD = gnu11;
				GCC_NO_COMMON_BLOCKS = YES;
				GCC_WARN_64_TO_32_BIT_CONVERSION = YES;
				GCC_WARN_ABOUT_RETURN_TYPE = YES_ERROR;
				GCC_WARN_UNDECLARED_SELECTOR = YES;
				GCC_WARN_UNINITIALIZED_AUTOS = YES_AGGRESSIVE;
				GCC_WARN_UNUSED_FUNCTION = YES;
				GCC_WARN_UNUSED_VARIABLE = YES;
				IPHONEOS_DEPLOYMENT_TARGET = 15.5;
				MTL_ENABLE_DEBUG_INFO = NO;
				MTL_FAST_MATH = YES;
				SDKROOT = iphoneos;
				SWIFT_COMPILATION_MODE = wholemodule;
				SWIFT_OPTIMIZATION_LEVEL = "-O";
				VALIDATE_PRODUCT = YES;
			};
			name = Release;
		};
		DD0DDF9E29525E580024B7EA /* Debug */ = {
			isa = XCBuildConfiguration;
			buildSettings = {
				ASSETCATALOG_COMPILER_APPICON_NAME = AppIcon;
				ASSETCATALOG_COMPILER_GLOBAL_ACCENT_COLOR_NAME = AccentColor;
				ASSETCATALOG_COMPILER_INCLUDE_ALL_APPICON_ASSETS = NO;
				CODE_SIGN_STYLE = Automatic;
				CURRENT_PROJECT_VERSION = 1;
				DEVELOPMENT_ASSET_PATHS = "\"MagicCatalog/Preview Content\"";
				ENABLE_PREVIEWS = YES;
				GENERATE_INFOPLIST_FILE = YES;
				INFOPLIST_FILE = MagicCatalog/Info.plist;
				INFOPLIST_KEY_UIApplicationSceneManifest_Generation = YES;
				INFOPLIST_KEY_UIApplicationSupportsIndirectInputEvents = YES;
				INFOPLIST_KEY_UILaunchStoryboardName = LaunchScreen;
				INFOPLIST_KEY_UISupportedInterfaceOrientations_iPad = "UIInterfaceOrientationPortrait UIInterfaceOrientationPortraitUpsideDown UIInterfaceOrientationLandscapeLeft UIInterfaceOrientationLandscapeRight";
				INFOPLIST_KEY_UISupportedInterfaceOrientations_iPhone = "UIInterfaceOrientationPortrait UIInterfaceOrientationLandscapeLeft UIInterfaceOrientationLandscapeRight";
				LD_RUNPATH_SEARCH_PATHS = (
					"$(inherited)",
					"@executable_path/Frameworks",
				);
				MARKETING_VERSION = 1.0;
				PRODUCT_BUNDLE_IDENTIFIER = test.MagicCatalog;
				PRODUCT_NAME = "$(TARGET_NAME)";
				SWIFT_EMIT_LOC_STRINGS = YES;
				SWIFT_VERSION = 5.0;
				TARGETED_DEVICE_FAMILY = "1,2";
			};
			name = Debug;
		};
		DD0DDF9F29525E580024B7EA /* Release */ = {
			isa = XCBuildConfiguration;
			buildSettings = {
				ASSETCATALOG_COMPILER_APPICON_NAME = AppIcon;
				ASSETCATALOG_COMPILER_GLOBAL_ACCENT_COLOR_NAME = AccentColor;
				ASSETCATALOG_COMPILER_INCLUDE_ALL_APPICON_ASSETS = NO;
				CODE_SIGN_STYLE = Automatic;
				CURRENT_PROJECT_VERSION = 1;
				DEVELOPMENT_ASSET_PATHS = "\"MagicCatalog/Preview Content\"";
				ENABLE_PREVIEWS = YES;
				GENERATE_INFOPLIST_FILE = YES;
				INFOPLIST_FILE = MagicCatalog/Info.plist;
				INFOPLIST_KEY_UIApplicationSceneManifest_Generation = YES;
				INFOPLIST_KEY_UIApplicationSupportsIndirectInputEvents = YES;
				INFOPLIST_KEY_UILaunchStoryboardName = LaunchScreen;
				INFOPLIST_KEY_UISupportedInterfaceOrientations_iPad = "UIInterfaceOrientationPortrait UIInterfaceOrientationPortraitUpsideDown UIInterfaceOrientationLandscapeLeft UIInterfaceOrientationLandscapeRight";
				INFOPLIST_KEY_UISupportedInterfaceOrientations_iPhone = "UIInterfaceOrientationPortrait UIInterfaceOrientationLandscapeLeft UIInterfaceOrientationLandscapeRight";
				LD_RUNPATH_SEARCH_PATHS = (
					"$(inherited)",
					"@executable_path/Frameworks",
				);
				MARKETING_VERSION = 1.0;
				PRODUCT_BUNDLE_IDENTIFIER = test.MagicCatalog;
				PRODUCT_NAME = "$(TARGET_NAME)";
				SWIFT_EMIT_LOC_STRINGS = YES;
				SWIFT_VERSION = 5.0;
				TARGETED_DEVICE_FAMILY = "1,2";
			};
			name = Release;
		};
		DD0DDFA129525E580024B7EA /* Debug */ = {
			isa = XCBuildConfiguration;
			buildSettings = {
				ALWAYS_EMBED_SWIFT_STANDARD_LIBRARIES = YES;
				BUNDLE_LOADER = "$(TEST_HOST)";
				CODE_SIGN_STYLE = Automatic;
				CURRENT_PROJECT_VERSION = 1;
				GENERATE_INFOPLIST_FILE = YES;
				IPHONEOS_DEPLOYMENT_TARGET = 15.5;
				MARKETING_VERSION = 1.0;
				PRODUCT_BUNDLE_IDENTIFIER = test.MagicCatalogTests;
				PRODUCT_NAME = "$(TARGET_NAME)";
				SWIFT_EMIT_LOC_STRINGS = NO;
				SWIFT_VERSION = 5.0;
				TARGETED_DEVICE_FAMILY = "1,2";
				TEST_HOST = "$(BUILT_PRODUCTS_DIR)/MagicCatalog.app/MagicCatalog";
			};
			name = Debug;
		};
		DD0DDFA229525E580024B7EA /* Release */ = {
			isa = XCBuildConfiguration;
			buildSettings = {
				ALWAYS_EMBED_SWIFT_STANDARD_LIBRARIES = YES;
				BUNDLE_LOADER = "$(TEST_HOST)";
				CODE_SIGN_STYLE = Automatic;
				CURRENT_PROJECT_VERSION = 1;
				GENERATE_INFOPLIST_FILE = YES;
				IPHONEOS_DEPLOYMENT_TARGET = 15.5;
				MARKETING_VERSION = 1.0;
				PRODUCT_BUNDLE_IDENTIFIER = test.MagicCatalogTests;
				PRODUCT_NAME = "$(TARGET_NAME)";
				SWIFT_EMIT_LOC_STRINGS = NO;
				SWIFT_VERSION = 5.0;
				TARGETED_DEVICE_FAMILY = "1,2";
				TEST_HOST = "$(BUILT_PRODUCTS_DIR)/MagicCatalog.app/MagicCatalog";
			};
			name = Release;
		};
		DD0DDFA429525E580024B7EA /* Debug */ = {
			isa = XCBuildConfiguration;
			buildSettings = {
				ALWAYS_EMBED_SWIFT_STANDARD_LIBRARIES = YES;
				CODE_SIGN_STYLE = Automatic;
				CURRENT_PROJECT_VERSION = 1;
				GENERATE_INFOPLIST_FILE = YES;
				MARKETING_VERSION = 1.0;
				PRODUCT_BUNDLE_IDENTIFIER = test.MagicCatalogUITests;
				PRODUCT_NAME = "$(TARGET_NAME)";
				SWIFT_EMIT_LOC_STRINGS = NO;
				SWIFT_VERSION = 5.0;
				TARGETED_DEVICE_FAMILY = "1,2";
				TEST_TARGET_NAME = MagicCatalog;
			};
			name = Debug;
		};
		DD0DDFA529525E580024B7EA /* Release */ = {
			isa = XCBuildConfiguration;
			buildSettings = {
				ALWAYS_EMBED_SWIFT_STANDARD_LIBRARIES = YES;
				CODE_SIGN_STYLE = Automatic;
				CURRENT_PROJECT_VERSION = 1;
				GENERATE_INFOPLIST_FILE = YES;
				MARKETING_VERSION = 1.0;
				PRODUCT_BUNDLE_IDENTIFIER = test.MagicCatalogUITests;
				PRODUCT_NAME = "$(TARGET_NAME)";
				SWIFT_EMIT_LOC_STRINGS = NO;
				SWIFT_VERSION = 5.0;
				TARGETED_DEVICE_FAMILY = "1,2";
				TEST_TARGET_NAME = MagicCatalog;
			};
			name = Release;
		};
/* End XCBuildConfiguration section */

/* Begin XCConfigurationList section */
		DD0DDF7429525E570024B7EA /* Build configuration list for PBXProject "MagicCatalog" */ = {
			isa = XCConfigurationList;
			buildConfigurations = (
				DD0DDF9B29525E580024B7EA /* Debug */,
				DD0DDF9C29525E580024B7EA /* Release */,
			);
			defaultConfigurationIsVisible = 0;
			defaultConfigurationName = Release;
		};
		DD0DDF9D29525E580024B7EA /* Build configuration list for PBXNativeTarget "MagicCatalog" */ = {
			isa = XCConfigurationList;
			buildConfigurations = (
				DD0DDF9E29525E580024B7EA /* Debug */,
				DD0DDF9F29525E580024B7EA /* Release */,
			);
			defaultConfigurationIsVisible = 0;
			defaultConfigurationName = Release;
		};
		DD0DDFA029525E580024B7EA /* Build configuration list for PBXNativeTarget "MagicCatalogTests" */ = {
			isa = XCConfigurationList;
			buildConfigurations = (
				DD0DDFA129525E580024B7EA /* Debug */,
				DD0DDFA229525E580024B7EA /* Release */,
			);
			defaultConfigurationIsVisible = 0;
			defaultConfigurationName = Release;
		};
		DD0DDFA329525E580024B7EA /* Build configuration list for PBXNativeTarget "MagicCatalogUITests" */ = {
			isa = XCConfigurationList;
			buildConfigurations = (
				DD0DDFA429525E580024B7EA /* Debug */,
				DD0DDFA529525E580024B7EA /* Release */,
			);
			defaultConfigurationIsVisible = 0;
			defaultConfigurationName = Release;
		};
/* End XCConfigurationList section */

/* Begin XCRemoteSwiftPackageReference section */
		DD360D232957324500DDA30F /* XCRemoteSwiftPackageReference "QGrid" */ = {
			isa = XCRemoteSwiftPackageReference;
			repositoryURL = "https://github.com/Q-Mobile/QGrid";
			requirement = {
				branch = master;
				kind = branch;
			};
		};
/* End XCRemoteSwiftPackageReference section */

/* Begin XCSwiftPackageProductDependency section */
		DD360D242957324500DDA30F /* QGrid */ = {
			isa = XCSwiftPackageProductDependency;
			package = DD360D232957324500DDA30F /* XCRemoteSwiftPackageReference "QGrid" */;
			productName = QGrid;
		};
/* End XCSwiftPackageProductDependency section */
	};
	rootObject = DD0DDF7129525E570024B7EA /* Project object */;
}
